Microsoft Visual Studio Solution File, Format Version 12.00
# Visual Studio Version 17
VisualStudioVersion = 17.5.2.0
MinimumVisualStudioVersion = 10.0.40219.1
Project("{FAE04EC0-301F-11D3-BF4B-00C04F79EFBC}") = "UrlShortener.API", "UrlShortener.API.csproj", "{28BFB30E-4B90-68B3-3493-4E3E45527A15}"
EndProject
Global
	GlobalSection(SolutionConfigurationPlatforms) = preSolution
		Debug|Any CPU = Debug|Any CPU
		Release|Any CPU = Release|Any CPU
	EndGlobalSection
	GlobalSection(ProjectConfigurationPlatforms) = postSolution
		{28BFB30E-4B90-68B3-3493-4E3E45527A15}.Debug|Any CPU.ActiveCfg = Debug|Any CPU
		{28BFB30E-4B90-68B3-3493-4E3E45527A15}.Debug|Any CPU.Build.0 = Debug|Any CPU
		{28BFB30E-4B90-68B3-3493-4E3E45527A15}.Release|Any CPU.ActiveCfg = Release|Any CPU
		{28BFB30E-4B90-68B3-3493-4E3E45527A15}.Release|Any CPU.Build.0 = Release|Any CPU
	EndGlobalSection
	GlobalSection(SolutionProperties) = preSolution
		HideSolutionNode = FALSE
	EndGlobalSection
	GlobalSection(ExtensibilityGlobals) = postSolution
		SolutionGuid = {D2408589-26E5-4B59-809F-E6D44B5E07CB}
	EndGlobalSection
EndGlobal
